
Microsoft Visual Studio Solution File, Format Version 12.00
# Visual Studio Version 16
VisualStudioVersion = 16.0.29806.167
MinimumVisualStudioVersion = 10.0.40219.1
Project("{FAE04EC0-301F-11D3-BF4B-00C04F79EFBC}") = "Atividade 2 - Métodos Especiais", "Atividade 2 - Métodos Especiais\Atividade 2 - Métodos Especiais.csproj", "{C37CBFDA-8AEE-417B-A0DD-C2097EB4E254}"
EndProject
Global
	GlobalSection(SolutionConfigurationPlatforms) = preSolution
		Debug|Any CPU = Debug|Any CPU
		Release|Any CPU = Release|Any CPU
	EndGlobalSection
	GlobalSection(ProjectConfigurationPlatforms) = postSolution
		{C37CBFDA-8AEE-417B-A0DD-C2097EB4E254}.Debug|Any CPU.ActiveCfg = Debug|Any CPU
		{C37CBFDA-8AEE-417B-A0DD-C2097EB4E254}.Debug|Any CPU.Build.0 = Debug|Any CPU
		{C37CBFDA-8AEE-417B-A0DD-C2097EB4E254}.Release|Any CPU.ActiveCfg = Release|Any CPU
		{C37CBFDA-8AEE-417B-A0DD-C2097EB4E254}.Release|Any CPU.Build.0 = Release|Any CPU
	EndGlobalSection
	GlobalSection(SolutionProperties) = preSolution
		HideSolutionNode = FALSE
	EndGlobalSection
	GlobalSection(ExtensibilityGlobals) = postSolution
		SolutionGuid = {3A6BE5A5-17A8-42EF-898E-0E8A7F634C69}
	EndGlobalSection
EndGlobal
